
Microsoft Visual Studio Solution File, Format Version 12.00
# Visual Studio 15
VisualStudioVersion = 15.0.27130.2027
MinimumVisualStudioVersion = 10.0.40219.1
Project("{FAE04EC0-301F-11D3-BF4B-00C04F79EFBC}") = "CryptoBot.Console", "CryptoBot.Console\CryptoBot.Console.csproj", "{C588FB14-A9C4-44E9-BD3C-12FF5F85461E}"
EndProject
Project("{FAE04EC0-301F-11D3-BF4B-00C04F79EFBC}") = "CryptoBot.ExchangeEngine", "CryptoBot.ExchangeEngine\CryptoBot.ExchangeEngine.csproj", "{CEC11AD7-B788-4B6F-A521-5A7A40154B9D}"
EndProject
Project("{FAE04EC0-301F-11D3-BF4B-00C04F79EFBC}") = "CryptoBot.Core", "CryptoBot.Core\CryptoBot.Core.csproj", "{A89E5061-AE57-4003-8DDC-404F71484B40}"
EndProject
Project("{FAE04EC0-301F-11D3-BF4B-00C04F79EFBC}") = "CryptoBot.Model", "CryptoBot.Model\CryptoBot.Model.csproj", "{CE8C3ED6-36EE-44F9-8EC6-1EF369981467}"
EndProject
Project("{FAE04EC0-301F-11D3-BF4B-00C04F79EFBC}") = "CryptoBot.Database", "CryptoBot.Database\CryptoBot.Database.csproj", "{916F49AB-D6E9-41A9-B454-47581490BD7B}"
EndProject
Project("{FAE04EC0-301F-11D3-BF4B-00C04F79EFBC}") = "CryptoBot.Tests", "CryptoBot.Tests\CryptoBot.Tests.csproj", "{34038E74-CBCE-4A39-A660-BF80F5EE39EA}"
EndProject
Project("{2150E333-8FDC-42A3-9474-1A3956D46DE8}") = "Data", "Data", "{B137EE25-51FE-4867-8B72-7BEE3E083EC6}"
EndProject
Project("{2150E333-8FDC-42A3-9474-1A3956D46DE8}") = "Testing", "Testing", "{42561FD1-8BCD-4719-9AF3-2EBC98276BF5}"
EndProject
Project("{2150E333-8FDC-42A3-9474-1A3956D46DE8}") = "Core", "Core", "{C7BF40C8-F3EF-4F43-81C1-88260BB25DCD}"
EndProject
Project("{2150E333-8FDC-42A3-9474-1A3956D46DE8}") = "Exchange", "Exchange", "{A4A12D5A-22B2-4496-9D7A-957345CA9D07}"
EndProject
Project("{2150E333-8FDC-42A3-9474-1A3956D46DE8}") = "Strategies", "Strategies", "{1230A2FF-EF2A-48CD-ADBC-478FEC67C1E9}"
EndProject
Project("{FAE04EC0-301F-11D3-BF4B-00C04F79EFBC}") = "CryptoBot.BackTester", "CryptoBot.BackTester\CryptoBot.BackTester.csproj", "{948E3FEE-0B13-4791-9F59-FC739FD13B72}"
EndProject
Project("{FAE04EC0-301F-11D3-BF4B-00C04F79EFBC}") = "CryptoBot.IndicatrorEngine", "CryptoBot.IndicatorEngine\CryptoBot.IndicatrorEngine.csproj", "{CF988BC1-3839-4721-9D71-0BD80ECE325E}"
EndProject
Project("{FAE04EC0-301F-11D3-BF4B-00C04F79EFBC}") = "CryptoBot.SafetyEngine", "CryptoBot.SafetyEngine\CryptoBot.SafetyEngine.csproj", "{D05F7A9B-90FE-436A-BE30-0D52368184DE}"
EndProject
Project("{2150E333-8FDC-42A3-9474-1A3956D46DE8}") = "Api", "Api", "{B792DD80-6F89-46B7-9F57-343989040503}"
EndProject
Project("{9A19103F-16F7-4668-BE54-9A1E7A4F7556}") = "Api.CryptoBot", "CryptoBot.Api\Api.CryptoBot.csproj", "{163EF85D-C2D6-494A-BB7E-0025FBE9C280}"
EndProject
Global
	GlobalSection(SolutionConfigurationPlatforms) = preSolution
		Debug|Any CPU = Debug|Any CPU
		Release|Any CPU = Release|Any CPU
	EndGlobalSection
	GlobalSection(ProjectConfigurationPlatforms) = postSolution
		{C588FB14-A9C4-44E9-BD3C-12FF5F85461E}.Debug|Any CPU.ActiveCfg = Debug|Any CPU
		{C588FB14-A9C4-44E9-BD3C-12FF5F85461E}.Debug|Any CPU.Build.0 = Debug|Any CPU
		{C588FB14-A9C4-44E9-BD3C-12FF5F85461E}.Release|Any CPU.ActiveCfg = Release|Any CPU
		{C588FB14-A9C4-44E9-BD3C-12FF5F85461E}.Release|Any CPU.Build.0 = Release|Any CPU
		{CEC11AD7-B788-4B6F-A521-5A7A40154B9D}.Debug|Any CPU.ActiveCfg = Debug|Any CPU
		{CEC11AD7-B788-4B6F-A521-5A7A40154B9D}.Debug|Any CPU.Build.0 = Debug|Any CPU
		{CEC11AD7-B788-4B6F-A521-5A7A40154B9D}.Release|Any CPU.ActiveCfg = Release|Any CPU
		{CEC11AD7-B788-4B6F-A521-5A7A40154B9D}.Release|Any CPU.Build.0 = Release|Any CPU
		{A89E5061-AE57-4003-8DDC-404F71484B40}.Debug|Any CPU.ActiveCfg = Debug|Any CPU
		{A89E5061-AE57-4003-8DDC-404F71484B40}.Debug|Any CPU.Build.0 = Debug|Any CPU
		{A89E5061-AE57-4003-8DDC-404F71484B40}.Release|Any CPU.ActiveCfg = Release|Any CPU
		{A89E5061-AE57-4003-8DDC-404F71484B40}.Release|Any CPU.Build.0 = Release|Any CPU
		{CE8C3ED6-36EE-44F9-8EC6-1EF369981467}.Debug|Any CPU.ActiveCfg = Debug|Any CPU
		{CE8C3ED6-36EE-44F9-8EC6-1EF369981467}.Debug|Any CPU.Build.0 = Debug|Any CPU
		{CE8C3ED6-36EE-44F9-8EC6-1EF369981467}.Release|Any CPU.ActiveCfg = Release|Any CPU
		{CE8C3ED6-36EE-44F9-8EC6-1EF369981467}.Release|Any CPU.Build.0 = Release|Any CPU
		{916F49AB-D6E9-41A9-B454-47581490BD7B}.Debug|Any CPU.ActiveCfg = Debug|Any CPU
		{916F49AB-D6E9-41A9-B454-47581490BD7B}.Debug|Any CPU.Build.0 = Debug|Any CPU
		{916F49AB-D6E9-41A9-B454-47581490BD7B}.Release|Any CPU.ActiveCfg = Release|Any CPU
		{916F49AB-D6E9-41A9-B454-47581490BD7B}.Release|Any CPU.Build.0 = Release|Any CPU
		{34038E74-CBCE-4A39-A660-BF80F5EE39EA}.Debug|Any CPU.ActiveCfg = Debug|Any CPU
		{34038E74-CBCE-4A39-A660-BF80F5EE39EA}.Debug|Any CPU.Build.0 = Debug|Any CPU
		{34038E74-CBCE-4A39-A660-BF80F5EE39EA}.Release|Any CPU.ActiveCfg = Release|Any CPU
		{34038E74-CBCE-4A39-A660-BF80F5EE39EA}.Release|Any CPU.Build.0 = Release|Any CPU
		{948E3FEE-0B13-4791-9F59-FC739FD13B72}.Debug|Any CPU.ActiveCfg = Debug|Any CPU
		{948E3FEE-0B13-4791-9F59-FC739FD13B72}.Debug|Any CPU.Build.0 = Debug|Any CPU
		{948E3FEE-0B13-4791-9F59-FC739FD13B72}.Release|Any CPU.ActiveCfg = Release|Any CPU
		{948E3FEE-0B13-4791-9F59-FC739FD13B72}.Release|Any CPU.Build.0 = Release|Any CPU
		{CF988BC1-3839-4721-9D71-0BD80ECE325E}.Debug|Any CPU.ActiveCfg = Debug|Any CPU
		{CF988BC1-3839-4721-9D71-0BD80ECE325E}.Debug|Any CPU.Build.0 = Debug|Any CPU
		{CF988BC1-3839-4721-9D71-0BD80ECE325E}.Release|Any CPU.ActiveCfg = Release|Any CPU
		{CF988BC1-3839-4721-9D71-0BD80ECE325E}.Release|Any CPU.Build.0 = Release|Any CPU
		{D05F7A9B-90FE-436A-BE30-0D52368184DE}.Debug|Any CPU.ActiveCfg = Debug|Any CPU
		{D05F7A9B-90FE-436A-BE30-0D52368184DE}.Debug|Any CPU.Build.0 = Debug|Any CPU
		{D05F7A9B-90FE-436A-BE30-0D52368184DE}.Release|Any CPU.ActiveCfg = Release|Any CPU
		{D05F7A9B-90FE-436A-BE30-0D52368184DE}.Release|Any CPU.Build.0 = Release|Any CPU
		{163EF85D-C2D6-494A-BB7E-0025FBE9C280}.Debug|Any CPU.ActiveCfg = Debug|Any CPU
		{163EF85D-C2D6-494A-BB7E-0025FBE9C280}.Debug|Any CPU.Build.0 = Debug|Any CPU
		{163EF85D-C2D6-494A-BB7E-0025FBE9C280}.Release|Any CPU.ActiveCfg = Release|Any CPU
		{163EF85D-C2D6-494A-BB7E-0025FBE9C280}.Release|Any CPU.Build.0 = Release|Any CPU
	EndGlobalSection
	GlobalSection(SolutionProperties) = preSolution
		HideSolutionNode = FALSE
	EndGlobalSection
	GlobalSection(NestedProjects) = preSolution
		{CEC11AD7-B788-4B6F-A521-5A7A40154B9D} = {A4A12D5A-22B2-4496-9D7A-957345CA9D07}
		{A89E5061-AE57-4003-8DDC-404F71484B40} = {C7BF40C8-F3EF-4F43-81C1-88260BB25DCD}
		{CE8C3ED6-36EE-44F9-8EC6-1EF369981467} = {B137EE25-51FE-4867-8B72-7BEE3E083EC6}
		{916F49AB-D6E9-41A9-B454-47581490BD7B} = {B137EE25-51FE-4867-8B72-7BEE3E083EC6}
		{34038E74-CBCE-4A39-A660-BF80F5EE39EA} = {42561FD1-8BCD-4719-9AF3-2EBC98276BF5}
		{948E3FEE-0B13-4791-9F59-FC739FD13B72} = {42561FD1-8BCD-4719-9AF3-2EBC98276BF5}
		{CF988BC1-3839-4721-9D71-0BD80ECE325E} = {1230A2FF-EF2A-48CD-ADBC-478FEC67C1E9}
		{D05F7A9B-90FE-436A-BE30-0D52368184DE} = {1230A2FF-EF2A-48CD-ADBC-478FEC67C1E9}
		{163EF85D-C2D6-494A-BB7E-0025FBE9C280} = {B792DD80-6F89-46B7-9F57-343989040503}
	EndGlobalSection
	GlobalSection(ExtensibilityGlobals) = postSolution
		SolutionGuid = {EF61762C-85B9-4B2D-A2A9-D3060BC9EC81}
	EndGlobalSection
EndGlobal
